
Microsoft Visual Studio Solution File, Format Version 12.00
# Visual Studio Version 16
VisualStudioVersion = 16.0.32106.194
MinimumVisualStudioVersion = 10.0.40219.1
Project("{FAE04EC0-301F-11D3-BF4B-00C04F79EFBC}") = "GestGeometrieFinal_UI", "GestGeometrieFinal_UI\GestGeometrieFinal_UI.csproj", "{918EE3EE-A39A-4909-8ED8-8662F6899CC4}"
EndProject
Global
	GlobalSection(SolutionConfigurationPlatforms) = preSolution
		Debug|Any CPU = Debug|Any CPU
		Release|Any CPU = Release|Any CPU
	EndGlobalSection
	GlobalSection(ProjectConfigurationPlatforms) = postSolution
		{918EE3EE-A39A-4909-8ED8-8662F6899CC4}.Debug|Any CPU.ActiveCfg = Debug|Any CPU
		{918EE3EE-A39A-4909-8ED8-8662F6899CC4}.Debug|Any CPU.Build.0 = Debug|Any CPU
		{918EE3EE-A39A-4909-8ED8-8662F6899CC4}.Release|Any CPU.ActiveCfg = Release|Any CPU
		{918EE3EE-A39A-4909-8ED8-8662F6899CC4}.Release|Any CPU.Build.0 = Release|Any CPU
	EndGlobalSection
	GlobalSection(SolutionProperties) = preSolution
		HideSolutionNode = FALSE
	EndGlobalSection
	GlobalSection(ExtensibilityGlobals) = postSolution
		SolutionGuid = {3567C63D-3668-40EB-8468-157D42371B91}
	EndGlobalSection
EndGlobal
